
Microsoft Visual Studio Solution File, Format Version 12.00
# Visual Studio Version 16
VisualStudioVersion = 16.0.28803.202
MinimumVisualStudioVersion = 10.0.40219.1
Project("{FAE04EC0-301F-11D3-BF4B-00C04F79EFBC}") = "NanoDiCs", "NanoDiCs.csproj", "{538472D9-4A13-4B61-AE1B-4FBCC746EB74}"
EndProject
Project("{FAE04EC0-301F-11D3-BF4B-00C04F79EFBC}") = "ContainerTests", "..\ContainerTests\ContainerTests.csproj", "{C3633529-3AE0-441D-9B28-D42BEE44D1C1}"
EndProject
Global
	GlobalSection(SolutionConfigurationPlatforms) = preSolution
		Debug|Any CPU = Debug|Any CPU
		Release|Any CPU = Release|Any CPU
	EndGlobalSection
	GlobalSection(ProjectConfigurationPlatforms) = postSolution
		{538472D9-4A13-4B61-AE1B-4FBCC746EB74}.Debug|Any CPU.ActiveCfg = Debug|Any CPU
		{538472D9-4A13-4B61-AE1B-4FBCC746EB74}.Debug|Any CPU.Build.0 = Debug|Any CPU
		{538472D9-4A13-4B61-AE1B-4FBCC746EB74}.Release|Any CPU.ActiveCfg = Release|Any CPU
		{538472D9-4A13-4B61-AE1B-4FBCC746EB74}.Release|Any CPU.Build.0 = Release|Any CPU
		{C3633529-3AE0-441D-9B28-D42BEE44D1C1}.Debug|Any CPU.ActiveCfg = Debug|Any CPU
		{C3633529-3AE0-441D-9B28-D42BEE44D1C1}.Debug|Any CPU.Build.0 = Debug|Any CPU
		{C3633529-3AE0-441D-9B28-D42BEE44D1C1}.Release|Any CPU.ActiveCfg = Release|Any CPU
		{C3633529-3AE0-441D-9B28-D42BEE44D1C1}.Release|Any CPU.Build.0 = Release|Any CPU
	EndGlobalSection
	GlobalSection(SolutionProperties) = preSolution
		HideSolutionNode = FALSE
	EndGlobalSection
	GlobalSection(ExtensibilityGlobals) = postSolution
		SolutionGuid = {554B38C6-022D-47DB-A24E-3597AE1E947F}
	EndGlobalSection
EndGlobal
